
Microsoft Visual Studio Solution File, Format Version 11.00
# Visual Studio 2010
Project("{FAE04EC0-301F-11D3-BF4B-00C04F79EFBC}") = "Tutorial Graybox", "Assembly-CSharp-firstpass.csproj", "{4D76E106-EBD9-3F6B-6064-F224173240BD}"
EndProject
Project("{FAE04EC0-301F-11D3-BF4B-00C04F79EFBC}") = "Tutorial Graybox", "Assembly-CSharp.csproj", "{7381D3F5-333E-7F5E-8AA5-89102C7939E3}"
EndProject
Project("{FAE04EC0-301F-11D3-BF4B-00C04F79EFBC}") = "Tutorial Graybox", "Assembly-CSharp-Editor-firstpass.csproj", "{5D61A9C0-553F-85C4-8A37-C83943417621}"
EndProject
Global
	GlobalSection(SolutionConfigurationPlatforms) = preSolution
		Debug|Any CPU = Debug|Any CPU
		Release|Any CPU = Release|Any CPU
	EndGlobalSection
	GlobalSection(ProjectConfigurationPlatforms) = postSolution
		{4D76E106-EBD9-3F6B-6064-F224173240BD}.Debug|Any CPU.ActiveCfg = Debug|Any CPU
		{4D76E106-EBD9-3F6B-6064-F224173240BD}.Debug|Any CPU.Build.0 = Debug|Any CPU
		{4D76E106-EBD9-3F6B-6064-F224173240BD}.Release|Any CPU.ActiveCfg = Release|Any CPU
		{4D76E106-EBD9-3F6B-6064-F224173240BD}.Release|Any CPU.Build.0 = Release|Any CPU
		{7381D3F5-333E-7F5E-8AA5-89102C7939E3}.Debug|Any CPU.ActiveCfg = Debug|Any CPU
		{7381D3F5-333E-7F5E-8AA5-89102C7939E3}.Debug|Any CPU.Build.0 = Debug|Any CPU
		{7381D3F5-333E-7F5E-8AA5-89102C7939E3}.Release|Any CPU.ActiveCfg = Release|Any CPU
		{7381D3F5-333E-7F5E-8AA5-89102C7939E3}.Release|Any CPU.Build.0 = Release|Any CPU
		{5D61A9C0-553F-85C4-8A37-C83943417621}.Debug|Any CPU.ActiveCfg = Debug|Any CPU
		{5D61A9C0-553F-85C4-8A37-C83943417621}.Debug|Any CPU.Build.0 = Debug|Any CPU
		{5D61A9C0-553F-85C4-8A37-C83943417621}.Release|Any CPU.ActiveCfg = Release|Any CPU
		{5D61A9C0-553F-85C4-8A37-C83943417621}.Release|Any CPU.Build.0 = Release|Any CPU
	EndGlobalSection
	GlobalSection(SolutionProperties) = preSolution
		HideSolutionNode = FALSE
	EndGlobalSection
	GlobalSection(MonoDevelopProperties) = preSolution
		StartupItem = Assembly-CSharp.csproj
	EndGlobalSection
EndGlobal
