
Microsoft Visual Studio Solution File, Format Version 12.00
# Visual Studio 2017
Project("{FAE04EC0-301F-11D3-BF4B-00C04F79EFBC}") = "Tutorial Graybox.Plugins", "Tutorial Graybox.Plugins.csproj", "{E8E5E8A1-7F81-469E-68C7-AA0B4177C9D1}"
EndProject
Project("{FAE04EC0-301F-11D3-BF4B-00C04F79EFBC}") = "Tutorial Graybox", "Tutorial Graybox.csproj", "{DABB59DF-6356-3183-4DDA-E265E1E7DF70}"
EndProject
Project("{FAE04EC0-301F-11D3-BF4B-00C04F79EFBC}") = "Tutorial Graybox.Editor.Plugins", "Tutorial Graybox.Editor.Plugins.csproj", "{0BF25439-C4F9-9DB6-C185-AFC404CE1435}"
EndProject
Global
	GlobalSection(SolutionConfigurationPlatforms) = preSolution
		Debug|Any CPU = Debug|Any CPU
		Release|Any CPU = Release|Any CPU
	EndGlobalSection
	GlobalSection(ProjectConfigurationPlatforms) = postSolution
		{E8E5E8A1-7F81-469E-68C7-AA0B4177C9D1}.Debug|Any CPU.ActiveCfg = Debug|Any CPU
		{E8E5E8A1-7F81-469E-68C7-AA0B4177C9D1}.Debug|Any CPU.Build.0 = Debug|Any CPU
		{E8E5E8A1-7F81-469E-68C7-AA0B4177C9D1}.Release|Any CPU.ActiveCfg = Release|Any CPU
		{E8E5E8A1-7F81-469E-68C7-AA0B4177C9D1}.Release|Any CPU.Build.0 = Release|Any CPU
		{DABB59DF-6356-3183-4DDA-E265E1E7DF70}.Debug|Any CPU.ActiveCfg = Debug|Any CPU
		{DABB59DF-6356-3183-4DDA-E265E1E7DF70}.Debug|Any CPU.Build.0 = Debug|Any CPU
		{DABB59DF-6356-3183-4DDA-E265E1E7DF70}.Release|Any CPU.ActiveCfg = Release|Any CPU
		{DABB59DF-6356-3183-4DDA-E265E1E7DF70}.Release|Any CPU.Build.0 = Release|Any CPU
		{0BF25439-C4F9-9DB6-C185-AFC404CE1435}.Debug|Any CPU.ActiveCfg = Debug|Any CPU
		{0BF25439-C4F9-9DB6-C185-AFC404CE1435}.Debug|Any CPU.Build.0 = Debug|Any CPU
		{0BF25439-C4F9-9DB6-C185-AFC404CE1435}.Release|Any CPU.ActiveCfg = Release|Any CPU
		{0BF25439-C4F9-9DB6-C185-AFC404CE1435}.Release|Any CPU.Build.0 = Release|Any CPU
	EndGlobalSection
	GlobalSection(SolutionProperties) = preSolution
		HideSolutionNode = FALSE
	EndGlobalSection
EndGlobal
