
Microsoft Visual Studio Solution File, Format Version 12.00
# Visual Studio 2017
Project("{FAE04EC0-301F-11D3-BF4B-00C04F79EFBC}") = "Tutorial Graybox", "Tutorial Graybox.csproj", "{DABB59DF-6356-3183-4DDA-E265E1E7DF70}"
EndProject
Project("{FAE04EC0-301F-11D3-BF4B-00C04F79EFBC}") = "Tutorial Graybox.Editor", "Tutorial Graybox.Editor.csproj", "{05DD47C7-65A2-80A4-14DB-B2F78D6376A8}"
EndProject
Global
	GlobalSection(SolutionConfigurationPlatforms) = preSolution
		Debug|Any CPU = Debug|Any CPU
		Release|Any CPU = Release|Any CPU
	EndGlobalSection
	GlobalSection(ProjectConfigurationPlatforms) = postSolution
		{DABB59DF-6356-3183-4DDA-E265E1E7DF70}.Debug|Any CPU.ActiveCfg = Debug|Any CPU
		{DABB59DF-6356-3183-4DDA-E265E1E7DF70}.Debug|Any CPU.Build.0 = Debug|Any CPU
		{DABB59DF-6356-3183-4DDA-E265E1E7DF70}.Release|Any CPU.ActiveCfg = Release|Any CPU
		{DABB59DF-6356-3183-4DDA-E265E1E7DF70}.Release|Any CPU.Build.0 = Release|Any CPU
		{05DD47C7-65A2-80A4-14DB-B2F78D6376A8}.Debug|Any CPU.ActiveCfg = Debug|Any CPU
		{05DD47C7-65A2-80A4-14DB-B2F78D6376A8}.Debug|Any CPU.Build.0 = Debug|Any CPU
		{05DD47C7-65A2-80A4-14DB-B2F78D6376A8}.Release|Any CPU.ActiveCfg = Release|Any CPU
		{05DD47C7-65A2-80A4-14DB-B2F78D6376A8}.Release|Any CPU.Build.0 = Release|Any CPU
	EndGlobalSection
	GlobalSection(SolutionProperties) = preSolution
		HideSolutionNode = FALSE
	EndGlobalSection
EndGlobal
