
Microsoft Visual Studio Solution File, Format Version 12.00
# Visual Studio 2017
Project("{FAE04EC0-301F-11D3-BF4B-00C04F79EFBC}") = "Viking Game.Plugins", "Viking Game.Plugins.csproj", "{2B853615-3FBC-E348-EF71-BC6FB1362EAF}"
EndProject
Project("{FAE04EC0-301F-11D3-BF4B-00C04F79EFBC}") = "Viking Game", "Viking Game.csproj", "{E97DE971-4C32-E2D9-0CD9-25ADFC5672AB}"
EndProject
Project("{FAE04EC0-301F-11D3-BF4B-00C04F79EFBC}") = "Viking Game.Editor.Plugins", "Viking Game.Editor.Plugins.csproj", "{2460F5C7-F775-37E0-CF26-ED49E40F8A4D}"
EndProject
Global
	GlobalSection(SolutionConfigurationPlatforms) = preSolution
		Debug|Any CPU = Debug|Any CPU
		Release|Any CPU = Release|Any CPU
	EndGlobalSection
	GlobalSection(ProjectConfigurationPlatforms) = postSolution
		{2B853615-3FBC-E348-EF71-BC6FB1362EAF}.Debug|Any CPU.ActiveCfg = Debug|Any CPU
		{2B853615-3FBC-E348-EF71-BC6FB1362EAF}.Debug|Any CPU.Build.0 = Debug|Any CPU
		{2B853615-3FBC-E348-EF71-BC6FB1362EAF}.Release|Any CPU.ActiveCfg = Release|Any CPU
		{2B853615-3FBC-E348-EF71-BC6FB1362EAF}.Release|Any CPU.Build.0 = Release|Any CPU
		{E97DE971-4C32-E2D9-0CD9-25ADFC5672AB}.Debug|Any CPU.ActiveCfg = Debug|Any CPU
		{E97DE971-4C32-E2D9-0CD9-25ADFC5672AB}.Debug|Any CPU.Build.0 = Debug|Any CPU
		{E97DE971-4C32-E2D9-0CD9-25ADFC5672AB}.Release|Any CPU.ActiveCfg = Release|Any CPU
		{E97DE971-4C32-E2D9-0CD9-25ADFC5672AB}.Release|Any CPU.Build.0 = Release|Any CPU
		{2460F5C7-F775-37E0-CF26-ED49E40F8A4D}.Debug|Any CPU.ActiveCfg = Debug|Any CPU
		{2460F5C7-F775-37E0-CF26-ED49E40F8A4D}.Debug|Any CPU.Build.0 = Debug|Any CPU
		{2460F5C7-F775-37E0-CF26-ED49E40F8A4D}.Release|Any CPU.ActiveCfg = Release|Any CPU
		{2460F5C7-F775-37E0-CF26-ED49E40F8A4D}.Release|Any CPU.Build.0 = Release|Any CPU
	EndGlobalSection
	GlobalSection(SolutionProperties) = preSolution
		HideSolutionNode = FALSE
	EndGlobalSection
EndGlobal
